
Microsoft Visual Studio Solution File, Format Version 12.00
# Visual Studio 15
Project("{FAE04EC0-301F-11D3-BF4B-00C04F79EFBC}") = "Assembly-CSharp-firstpass", "Assembly-CSharp-firstpass.csproj", "{7EE4DD80-F96E-112C-41DA-6D4E1B3A7BBC}"
EndProject
Project("{FAE04EC0-301F-11D3-BF4B-00C04F79EFBC}") = "Assembly-CSharp-Editor-firstpass", "Assembly-CSharp-Editor-firstpass.csproj", "{86EBC0B7-2576-B90B-F774-24E42F260822}"
EndProject
Global
	GlobalSection(SolutionConfigurationPlatforms) = preSolution
		Debug|Any CPU = Debug|Any CPU
		Release|Any CPU = Release|Any CPU
	EndGlobalSection
	GlobalSection(ProjectConfigurationPlatforms) = postSolution
		{7EE4DD80-F96E-112C-41DA-6D4E1B3A7BBC}.Debug|Any CPU.ActiveCfg = Debug|Any CPU
		{7EE4DD80-F96E-112C-41DA-6D4E1B3A7BBC}.Debug|Any CPU.Build.0 = Debug|Any CPU
		{7EE4DD80-F96E-112C-41DA-6D4E1B3A7BBC}.Release|Any CPU.ActiveCfg = Release|Any CPU
		{7EE4DD80-F96E-112C-41DA-6D4E1B3A7BBC}.Release|Any CPU.Build.0 = Release|Any CPU
		{86EBC0B7-2576-B90B-F774-24E42F260822}.Debug|Any CPU.ActiveCfg = Debug|Any CPU
		{86EBC0B7-2576-B90B-F774-24E42F260822}.Debug|Any CPU.Build.0 = Debug|Any CPU
		{86EBC0B7-2576-B90B-F774-24E42F260822}.Release|Any CPU.ActiveCfg = Release|Any CPU
		{86EBC0B7-2576-B90B-F774-24E42F260822}.Release|Any CPU.Build.0 = Release|Any CPU
	EndGlobalSection
	GlobalSection(SolutionProperties) = preSolution
		HideSolutionNode = FALSE
	EndGlobalSection
EndGlobal
